
Microsoft Visual Studio Solution File, Format Version 12.00
# Visual Studio Version 17
VisualStudioVersion = 17.2.32616.157
MinimumVisualStudioVersion = 10.0.40219.1
Project("{FAE04EC0-301F-11D3-BF4B-00C04F79EFBC}") = "Assesment", "Assesment\Assesment.csproj", "{11C8FC99-DC5C-4DD7-8E2D-FB16E2D0D9EE}"
EndProject
Global
	GlobalSection(SolutionConfigurationPlatforms) = preSolution
		Debug|Any CPU = Debug|Any CPU
		Release|Any CPU = Release|Any CPU
	EndGlobalSection
	GlobalSection(ProjectConfigurationPlatforms) = postSolution
		{11C8FC99-DC5C-4DD7-8E2D-FB16E2D0D9EE}.Debug|Any CPU.ActiveCfg = Debug|Any CPU
		{11C8FC99-DC5C-4DD7-8E2D-FB16E2D0D9EE}.Debug|Any CPU.Build.0 = Debug|Any CPU
		{11C8FC99-DC5C-4DD7-8E2D-FB16E2D0D9EE}.Release|Any CPU.ActiveCfg = Release|Any CPU
		{11C8FC99-DC5C-4DD7-8E2D-FB16E2D0D9EE}.Release|Any CPU.Build.0 = Release|Any CPU
	EndGlobalSection
	GlobalSection(SolutionProperties) = preSolution
		HideSolutionNode = FALSE
	EndGlobalSection
	GlobalSection(ExtensibilityGlobals) = postSolution
		SolutionGuid = {841A543C-676A-49A2-9011-01AB29F34DC4}
	EndGlobalSection
EndGlobal
